
Microsoft Visual Studio Solution File, Format Version 12.00
# Visual Studio Version 17
VisualStudioVersion = 17.8.34316.72
MinimumVisualStudioVersion = 10.0.40219.1
Project("{FAE04EC0-301F-11D3-BF4B-00C04F79EFBC}") = "mf-dev-back-end-2023", "mf-dev-back-end-2023\mf-dev-back-end-2023.csproj", "{C530E1C2-91A9-444F-97FF-72F7EBB1357E}"
EndProject
Global
	GlobalSection(SolutionConfigurationPlatforms) = preSolution
		Debug|Any CPU = Debug|Any CPU
		Release|Any CPU = Release|Any CPU
	EndGlobalSection
	GlobalSection(ProjectConfigurationPlatforms) = postSolution
		{C530E1C2-91A9-444F-97FF-72F7EBB1357E}.Debug|Any CPU.ActiveCfg = Debug|Any CPU
		{C530E1C2-91A9-444F-97FF-72F7EBB1357E}.Debug|Any CPU.Build.0 = Debug|Any CPU
		{C530E1C2-91A9-444F-97FF-72F7EBB1357E}.Release|Any CPU.ActiveCfg = Release|Any CPU
		{C530E1C2-91A9-444F-97FF-72F7EBB1357E}.Release|Any CPU.Build.0 = Release|Any CPU
	EndGlobalSection
	GlobalSection(SolutionProperties) = preSolution
		HideSolutionNode = FALSE
	EndGlobalSection
	GlobalSection(ExtensibilityGlobals) = postSolution
		SolutionGuid = {3B0A1BA5-FFF7-48CC-ADDB-A328EB287D0A}
	EndGlobalSection
EndGlobal
